# Hermeto generic lockfile: goose pre-built binaries for x86_64 and aarch64.
---
metadata:
  version: "1.0"
artifacts:
  - download_url: https://github.com/block/goose/releases/download/v1.45.0/goose-x86_64-unknown-linux-gnu.tar.bz2
    checksum: sha256:54afad8e160068cb1769ca2ad3e19e36e8472775e68d7bc89cc90e7779c552d1
    filename: goose-x86_64-unknown-linux-gnu.tar.bz2
  - download_url: https://github.com/block/goose/releases/download/v1.45.0/goose-aarch64-unknown-linux-gnu.tar.bz2
    checksum: sha256:ec5da5f018cf68ea446887d30decf847542035ffcf91536d1d134ed94bb24401
    filename: goose-aarch64-unknown-linux-gnu.tar.bz2
